
Microsoft Visual Studio Solution File, Format Version 12.00
# Visual Studio Version 16
VisualStudioVersion = 16.0.29728.190
MinimumVisualStudioVersion = 10.0.40219.1
Project("{FAE04EC0-301F-11D3-BF4B-00C04F79EFBC}") = "RefactorShapes", "RefactorShapes\RefactorShapes.csproj", "{57D76D45-E71A-40A9-96DB-FBD14B13E893}"
EndProject
Global
	GlobalSection(SolutionConfigurationPlatforms) = preSolution
		Debug|Any CPU = Debug|Any CPU
		Release|Any CPU = Release|Any CPU
	EndGlobalSection
	GlobalSection(ProjectConfigurationPlatforms) = postSolution
		{57D76D45-E71A-40A9-96DB-FBD14B13E893}.Debug|Any CPU.ActiveCfg = Debug|Any CPU
		{57D76D45-E71A-40A9-96DB-FBD14B13E893}.Debug|Any CPU.Build.0 = Debug|Any CPU
		{57D76D45-E71A-40A9-96DB-FBD14B13E893}.Release|Any CPU.ActiveCfg = Release|Any CPU
		{57D76D45-E71A-40A9-96DB-FBD14B13E893}.Release|Any CPU.Build.0 = Release|Any CPU
	EndGlobalSection
	GlobalSection(SolutionProperties) = preSolution
		HideSolutionNode = FALSE
	EndGlobalSection
	GlobalSection(ExtensibilityGlobals) = postSolution
		SolutionGuid = {117F747A-B258-41CE-A0C9-40768ADD0F9E}
	EndGlobalSection
EndGlobal
